{
  "name": "@socrates/core",
  "version": "0.1.0",
  "lockfileVersion": 3,
  "requires": true,
  "packages": {
    "": {
      "name": "@socrates/core",
      "version": "0.1.0",
      "dependencies": {
        "@socrates/contracts": "file:../contracts"
      }
    },
    "../contracts": {
      "name": "@socrates/contracts",
      "version": "0.1.0"
    },
    "node_modules/@socrates/contracts": {
      "resolved": "../contracts",
      "link": true
    }
  }
}
